
Microsoft Visual Studio Solution File, Format Version 12.00
# Visual Studio 2012
Project("{FAE04EC0-301F-11D3-BF4B-00C04F79EFBC}") = "PublishAddin", "PublishAddin\PublishAddin.csproj", "{F1E25496-FA11-4BAC-8C2F-FC2CC8BA1B6B}"
EndProject
Project("{FAE04EC0-301F-11D3-BF4B-00C04F79EFBC}") = "PublishProfileManagerTests", "PublishProfileManagerTests\PublishProfileManagerTests.csproj", "{C983B7E6-1060-486E-A78A-868D440BD739}"
EndProject
Project("{FAE04EC0-301F-11D3-BF4B-00C04F79EFBC}") = "PublishProfileManager", "PublishProfileManager\PublishProfileManager.csproj", "{46FDB9E7-C712-4520-AFB0-224CE772F1FE}"
EndProject
Project("{FAE04EC0-301F-11D3-BF4B-00C04F79EFBC}") = "PublishProfileContracts", "PublishProfileContracts\PublishProfileContracts.csproj", "{EF9592AF-5179-4578-B932-59EB949ACAA5}"
EndProject
Global
	GlobalSection(SolutionConfigurationPlatforms) = preSolution
		Debug|Any CPU = Debug|Any CPU
		Release|Any CPU = Release|Any CPU
	EndGlobalSection
	GlobalSection(ProjectConfigurationPlatforms) = postSolution
		{F1E25496-FA11-4BAC-8C2F-FC2CC8BA1B6B}.Debug|Any CPU.ActiveCfg = Debug|Any CPU
		{F1E25496-FA11-4BAC-8C2F-FC2CC8BA1B6B}.Debug|Any CPU.Build.0 = Debug|Any CPU
		{F1E25496-FA11-4BAC-8C2F-FC2CC8BA1B6B}.Release|Any CPU.ActiveCfg = Release|Any CPU
		{F1E25496-FA11-4BAC-8C2F-FC2CC8BA1B6B}.Release|Any CPU.Build.0 = Release|Any CPU
		{C983B7E6-1060-486E-A78A-868D440BD739}.Debug|Any CPU.ActiveCfg = Debug|Any CPU
		{C983B7E6-1060-486E-A78A-868D440BD739}.Debug|Any CPU.Build.0 = Debug|Any CPU
		{C983B7E6-1060-486E-A78A-868D440BD739}.Release|Any CPU.ActiveCfg = Release|Any CPU
		{C983B7E6-1060-486E-A78A-868D440BD739}.Release|Any CPU.Build.0 = Release|Any CPU
		{46FDB9E7-C712-4520-AFB0-224CE772F1FE}.Debug|Any CPU.ActiveCfg = Debug|Any CPU
		{46FDB9E7-C712-4520-AFB0-224CE772F1FE}.Debug|Any CPU.Build.0 = Debug|Any CPU
		{46FDB9E7-C712-4520-AFB0-224CE772F1FE}.Release|Any CPU.ActiveCfg = Release|Any CPU
		{46FDB9E7-C712-4520-AFB0-224CE772F1FE}.Release|Any CPU.Build.0 = Release|Any CPU
		{EF9592AF-5179-4578-B932-59EB949ACAA5}.Debug|Any CPU.ActiveCfg = Debug|Any CPU
		{EF9592AF-5179-4578-B932-59EB949ACAA5}.Debug|Any CPU.Build.0 = Debug|Any CPU
		{EF9592AF-5179-4578-B932-59EB949ACAA5}.Release|Any CPU.ActiveCfg = Release|Any CPU
		{EF9592AF-5179-4578-B932-59EB949ACAA5}.Release|Any CPU.Build.0 = Release|Any CPU
	EndGlobalSection
EndGlobal
